
Microsoft Visual Studio Solution File, Format Version 12.00
# Visual Studio Version 16
VisualStudioVersion = 16.0.29215.179
MinimumVisualStudioVersion = 10.0.40219.1
Project("{FAE04EC0-301F-11D3-BF4B-00C04F79EFBC}") = "Interfaceuppgfiten", "Interfaceuppgfiten\Interfaceuppgfiten.csproj", "{A464D6CA-5DFB-462A-9B38-7CD3F440CECA}"
EndProject
Global
	GlobalSection(SolutionConfigurationPlatforms) = preSolution
		Debug|Any CPU = Debug|Any CPU
		Release|Any CPU = Release|Any CPU
	EndGlobalSection
	GlobalSection(ProjectConfigurationPlatforms) = postSolution
		{A464D6CA-5DFB-462A-9B38-7CD3F440CECA}.Debug|Any CPU.ActiveCfg = Debug|Any CPU
		{A464D6CA-5DFB-462A-9B38-7CD3F440CECA}.Debug|Any CPU.Build.0 = Debug|Any CPU
		{A464D6CA-5DFB-462A-9B38-7CD3F440CECA}.Release|Any CPU.ActiveCfg = Release|Any CPU
		{A464D6CA-5DFB-462A-9B38-7CD3F440CECA}.Release|Any CPU.Build.0 = Release|Any CPU
	EndGlobalSection
	GlobalSection(SolutionProperties) = preSolution
		HideSolutionNode = FALSE
	EndGlobalSection
	GlobalSection(ExtensibilityGlobals) = postSolution
		SolutionGuid = {54D66955-07DE-4105-9C32-C0C6ED7242F9}
	EndGlobalSection
EndGlobal
